// !$*UTF8*$!
{
	archiveVersion = 1;
	classes = {
	};
	objectVersion = 51;
	objects = {

/* Begin PBXBuildFile section */
		317FE2AB23ABADD10036B838 /* AppDelegate.swift in Sources */ = {isa = PBXBuildFile; fileRef = 317FE2AA23ABADD10036B838 /* AppDelegate.swift */; };
		317FE2AD23ABADD10036B838 /* SceneDelegate.swift in Sources */ = {isa = PBXBuildFile; fileRef = 317FE2AC23ABADD10036B838 /* SceneDelegate.swift */; };
		317FE2AF23ABADD10036B838 /* ViewController.swift in Sources */ = {isa = PBXBuildFile; fileRef = 317FE2AE23ABADD10036B838 /* ViewController.swift */; };
		317FE2B223ABADD10036B838 /* Main.storyboard in Resources */ = {isa = PBXBuildFile; fileRef = 317FE2B023ABADD10036B838 /* Main.storyboard */; };
		317FE2B523ABADD10036B838 /* CoreDataProject.xcdatamodeld in Sources */ = {isa = PBXBuildFile; fileRef = 317FE2B323ABADD10036B838 /* CoreDataProject.xcdatamodeld */; };
		317FE2B723ABADD80036B838 /* Assets.xcassets in Resources */ = {isa = PBXBuildFile; fileRef = 317FE2B623ABADD80036B838 /* Assets.xcassets */; };
		317FE2BA23ABADD80036B838 /* LaunchScreen.storyboard in Resources */ = {isa = PBXBuildFile; fileRef = 317FE2B823ABADD80036B838 /* LaunchScreen.storyboard */; };
		317FE2C523ABADD80036B838 /* CoreDataProjectTests.swift in Sources */ = {isa = PBXBuildFile; fileRef = 317FE2C423ABADD80036B838 /* CoreDataProjectTests.swift */; };
		317FE2D023ABADD80036B838 /* CoreDataProjectUITests.swift in Sources */ = {isa = PBXBuildFile; fileRef = 317FE2CF23ABADD80036B838 /* CoreDataProjectUITests.swift */; };
		318E24AD23AC7D6F00DC755A /* SecondViewController.swift in Sources */ = {isa = PBXBuildFile; fileRef = 318E24AC23AC7D6F00DC755A /* SecondViewController.swift */; };
		7E358D978449BD9BB7AF4DFA /* Pods_CoreDataProject_CoreDataProjectUITests.framework in Frameworks */ = {isa = PBXBuildFile; fileRef = B660F981A2BC8CBE70693876 /* Pods_CoreDataProject_CoreDataProjectUITests.framework */; };
		A9709194A6FC0DBB89271E68 /* Pods_CoreDataProjectTests.framework in Frameworks */ = {isa = PBXBuildFile; fileRef = 89BEFBF5ECE5B984CF52DFA4 /* Pods_CoreDataProjectTests.framework */; };
		F0033210495EC6D3CCBFBCA7 /* Pods_CoreDataProject.framework in Frameworks */ = {isa = PBXBuildFile; fileRef = 9DD252D213E81233FDA51F7F /* Pods_CoreDataProject.framework */; };
/* End PBXBuildFile section */

/* Begin PBXContainerItemProxy section */
		317FE2C123ABADD80036B838 /* PBXContainerItemProxy */ = {
			isa = PBXContainerItemProxy;
			containerPortal = 317FE29F23ABADD10036B838 /* Project object */;
			proxyType = 1;
			remoteGlobalIDString = 317FE2A623ABADD10036B838;
			remoteInfo = CoreDataProject;
		};
		317FE2CC23ABADD80036B838 /* PBXContainerItemProxy */ = {
			isa = PBXContainerItemProxy;
			containerPortal = 317FE29F23ABADD10036B838 /* Project object */;
			proxyType = 1;
			remoteGlobalIDString = 317FE2A623ABADD10036B838;
			remoteInfo = CoreDataProject;
		};
/* End PBXContainerItemProxy section */

/* Begin PBXFileReference section */
		1525092569686EA20C1F9FBE /* Pods-CoreDataProject.debug.xcconfig */ = {isa = PBXFileReference; includeInIndex = 1; lastKnownFileType = text.xcconfig; name = "Pods-CoreDataProject.debug.xcconfig"; path = "Target Support Files/Pods-CoreDataProject/Pods-CoreDataProject.debug.xcconfig"; sourceTree = "<group>"; };
		1FE005A18474D11BEF63FAA3 /* Pods-CoreDataProject.release.xcconfig */ = {isa = PBXFileReference; includeInIndex = 1; lastKnownFileType = text.xcconfig; name = "Pods-CoreDataProject.release.xcconfig"; path = "Target Support Files/Pods-CoreDataProject/Pods-CoreDataProject.release.xcconfig"; sourceTree = "<group>"; };
		317FE2A723ABADD10036B838 /* CoreDataProject.app */ = {isa = PBXFileReference; explicitFileType = wrapper.application; includeInIndex = 0; path = CoreDataProject.app; sourceTree = BUILT_PRODUCTS_DIR; };
		317FE2AA23ABADD10036B838 /* AppDelegate.swift */ = {isa = PBXFileReference; lastKnownFileType = sourcecode.swift; path = AppDelegate.swift; sourceTree = "<group>"; };
		317FE2AC23ABADD10036B838 /* SceneDelegate.swift */ = {isa = PBXFileReference; lastKnownFileType = sourcecode.swift; path = SceneDelegate.swift; sourceTree = "<group>"; };
		317FE2AE23ABADD10036B838 /* ViewController.swift */ = {isa = PBXFileReference; lastKnownFileType = sourcecode.swift; path = ViewController.swift; sourceTree = "<group>"; };
		317FE2B123ABADD10036B838 /* Base */ = {isa = PBXFileReference; lastKnownFileType = file.storyboard; name = Base; path = Base.lproj/Main.storyboard; sourceTree = "<group>"; };
		317FE2B423ABADD10036B838 /* CoreDataProject.xcdatamodel */ = {isa = PBXFileReference; lastKnownFileType = wrapper.xcdatamodel; path = CoreDataProject.xcdatamodel; sourceTree = "<group>"; };
		317FE2B623ABADD80036B838 /* Assets.xcassets */ = {isa = PBXFileReference; lastKnownFileType = folder.assetcatalog; path = Assets.xcassets; sourceTree = "<group>"; };
		317FE2B923ABADD80036B838 /* Base */ = {isa = PBXFileReference; lastKnownFileType = file.storyboard; name = Base; path = Base.lproj/LaunchScreen.storyboard; sourceTree = "<group>"; };
		317FE2BB23ABADD80036B838 /* Info.plist */ = {isa = PBXFileReference; lastKnownFileType = text.plist.xml; path = Info.plist; sourceTree = "<group>"; };
		317FE2C023ABADD80036B838 /* CoreDataProjectTests.xctest */ = {isa = PBXFileReference; explicitFileType = wrapper.cfbundle; includeInIndex = 0; path = CoreDataProjectTests.xctest; sourceTree = BUILT_PRODUCTS_DIR; };
		317FE2C423ABADD80036B838 /* CoreDataProjectTests.swift */ = {isa = PBXFileReference; lastKnownFileType = sourcecode.swift; path = CoreDataProjectTests.swift; sourceTree = "<group>"; };
		317FE2C623ABADD80036B838 /* Info.plist */ = {isa = PBXFileReference; lastKnownFileType = text.plist.xml; path = Info.plist; sourceTree = "<group>"; };
		317FE2CB23ABADD80036B838 /* CoreDataProjectUITests.xctest */ = {isa = PBXFileReference; explicitFileType = wrapper.cfbundle; includeInIndex = 0; path = CoreDataProjectUITests.xctest; sourceTree = BUILT_PRODUCTS_DIR; };
		317FE2CF23ABADD80036B838 /* CoreDataProjectUITests.swift */ = {isa = PBXFileReference; lastKnownFileType = sourcecode.swift; path = CoreDataProjectUITests.swift; sourceTree = "<group>"; };
		317FE2D123ABADD80036B838 /* Info.plist */ = {isa = PBXFileReference; lastKnownFileType = text.plist.xml; path = Info.plist; sourceTree = "<group>"; };
		318E24AC23AC7D6F00DC755A /* SecondViewController.swift */ = {isa = PBXFileReference; lastKnownFileType = sourcecode.swift; path = SecondViewController.swift; sourceTree = "<group>"; };
		43DF3B6825318FC77B6C0514 /* Pods-CoreDataProjectTests.release.xcconfig */ = {isa = PBXFileReference; includeInIndex = 1; lastKnownFileType = text.xcconfig; name = "Pods-CoreDataProjectTests.release.xcconfig"; path = "Target Support Files/Pods-CoreDataProjectTests/Pods-CoreDataProjectTests.release.xcconfig"; sourceTree = "<group>"; };
		6FD8FC623A13D5471FD40531 /* Pods-CoreDataProject-CoreDataProjectUITests.release.xcconfig */ = {isa = PBXFileReference; includeInIndex = 1; lastKnownFileType = text.xcconfig; name = "Pods-CoreDataProject-CoreDataProjectUITests.release.xcconfig"; path = "Target Support Files/Pods-CoreDataProject-CoreDataProjectUITests/Pods-CoreDataProject-CoreDataProjectUITests.release.xcconfig"; sourceTree = "<group>"; };
		798D921E20B14ACAABB433B1 /* Pods-CoreDataProject-CoreDataProjectUITests.debug.xcconfig */ = {isa = PBXFileReference; includeInIndex = 1; lastKnownFileType = text.xcconfig; name = "Pods-CoreDataProject-CoreDataProjectUITests.debug.xcconfig"; path = "Target Support Files/Pods-CoreDataProject-CoreDataProjectUITests/Pods-CoreDataProject-CoreDataProjectUITests.debug.xcconfig"; sourceTree = "<group>"; };
		89BEFBF5ECE5B984CF52DFA4 /* Pods_CoreDataProjectTests.framework */ = {isa = PBXFileReference; explicitFileType = wrapper.framework; includeInIndex = 0; path = Pods_CoreDataProjectTests.framework; sourceTree = BUILT_PRODUCTS_DIR; };
		8FD63F694BED281ED9580A0B /* Pods-CoreDataProjectTests.debug.xcconfig */ = {isa = PBXFileReference; includeInIndex = 1; lastKnownFileType = text.xcconfig; name = "Pods-CoreDataProjectTests.debug.xcconfig"; path = "Target Support Files/Pods-CoreDataProjectTests/Pods-CoreDataProjectTests.debug.xcconfig"; sourceTree = "<group>"; };
		9DD252D213E81233FDA51F7F /* Pods_CoreDataProject.framework */ = {isa = PBXFileReference; explicitFileType = wrapper.framework; includeInIndex = 0; path = Pods_CoreDataProject.framework; sourceTree = BUILT_PRODUCTS_DIR; };
		B660F981A2BC8CBE70693876 /* Pods_CoreDataProject_CoreDataProjectUITests.framework */ = {isa = PBXFileReference; explicitFileType = wrapper.framework; includeInIndex = 0; path = Pods_CoreDataProject_CoreDataProjectUITests.framework; sourceTree = BUILT_PRODUCTS_DIR; };
/* End PBXFileReference section */

/* Begin PBXFrameworksBuildPhase section */
		317FE2A423ABADD10036B838 /* Frameworks */ = {
			isa = PBXFrameworksBuildPhase;
			buildActionMask = 2147483647;
			files = (
				F0033210495EC6D3CCBFBCA7 /* Pods_CoreDataProject.framework in Frameworks */,
			);
			runOnlyForDeploymentPostprocessing = 0;
		};
		317FE2BD23ABADD80036B838 /* Frameworks */ = {
			isa = PBXFrameworksBuildPhase;
			buildActionMask = 2147483647;
			files = (
				A9709194A6FC0DBB89271E68 /* Pods_CoreDataProjectTests.framework in Frameworks */,
			);
			runOnlyForDeploymentPostprocessing = 0;
		};
		317FE2C823ABADD80036B838 /* Frameworks */ = {
			isa = PBXFrameworksBuildPhase;
			buildActionMask = 2147483647;
			files = (
				7E358D978449BD9BB7AF4DFA /* Pods_CoreDataProject_CoreDataProjectUITests.framework in Frameworks */,
			);
			runOnlyForDeploymentPostprocessing = 0;
		};
/* End PBXFrameworksBuildPhase section */

/* Begin PBXGroup section */
		069A2E36FAFECF235A698FB7 /* Frameworks */ = {
			isa = PBXGroup;
			children = (
				9DD252D213E81233FDA51F7F /* Pods_CoreDataProject.framework */,
				B660F981A2BC8CBE70693876 /* Pods_CoreDataProject_CoreDataProjectUITests.framework */,
				89BEFBF5ECE5B984CF52DFA4 /* Pods_CoreDataProjectTests.framework */,
			);
			name = Frameworks;
			sourceTree = "<group>";
		};
		317FE29E23ABADD10036B838 = {
			isa = PBXGroup;
			children = (
				317FE2A923ABADD10036B838 /* CoreDataProject */,
				317FE2C323ABADD80036B838 /* CoreDataProjectTests */,
				317FE2CE23ABADD80036B838 /* CoreDataProjectUITests */,
				317FE2A823ABADD10036B838 /* Products */,
				C00C15BACECBC4A0E0C6F9AC /* Pods */,
				069A2E36FAFECF235A698FB7 /* Frameworks */,
			);
			sourceTree = "<group>";
		};
		317FE2A823ABADD10036B838 /* Products */ = {
			isa = PBXGroup;
			children = (
				317FE2A723ABADD10036B838 /* CoreDataProject.app */,
				317FE2C023ABADD80036B838 /* CoreDataProjectTests.xctest */,
				317FE2CB23ABADD80036B838 /* CoreDataProjectUITests.xctest */,
			);
			name = Products;
			sourceTree = "<group>";
		};
		317FE2A923ABADD10036B838 /* CoreDataProject */ = {
			isa = PBXGroup;
			children = (
				317FE2AA23ABADD10036B838 /* AppDelegate.swift */,
				317FE2AC23ABADD10036B838 /* SceneDelegate.swift */,
				317FE2AE23ABADD10036B838 /* ViewController.swift */,
				318E24AC23AC7D6F00DC755A /* SecondViewController.swift */,
				317FE2B023ABADD10036B838 /* Main.storyboard */,
				317FE2B623ABADD80036B838 /* Assets.xcassets */,
				317FE2B823ABADD80036B838 /* LaunchScreen.storyboard */,
				317FE2BB23ABADD80036B838 /* Info.plist */,
				317FE2B323ABADD10036B838 /* CoreDataProject.xcdatamodeld */,
			);
			path = CoreDataProject;
			sourceTree = "<group>";
		};
		317FE2C323ABADD80036B838 /* CoreDataProjectTests */ = {
			isa = PBXGroup;
			children = (
				317FE2C423ABADD80036B838 /* CoreDataProjectTests.swift */,
				317FE2C623ABADD80036B838 /* Info.plist */,
			);
			path = CoreDataProjectTests;
			sourceTree = "<group>";
		};
		317FE2CE23ABADD80036B838 /* CoreDataProjectUITests */ = {
			isa = PBXGroup;
			children = (
				317FE2CF23ABADD80036B838 /* CoreDataProjectUITests.swift */,
				317FE2D123ABADD80036B838 /* Info.plist */,
			);
			path = CoreDataProjectUITests;
			sourceTree = "<group>";
		};
		C00C15BACECBC4A0E0C6F9AC /* Pods */ = {
			isa = PBXGroup;
			children = (
				1525092569686EA20C1F9FBE /* Pods-CoreDataProject.debug.xcconfig */,
				1FE005A18474D11BEF63FAA3 /* Pods-CoreDataProject.release.xcconfig */,
				798D921E20B14ACAABB433B1 /* Pods-CoreDataProject-CoreDataProjectUITests.debug.xcconfig */,
				6FD8FC623A13D5471FD40531 /* Pods-CoreDataProject-CoreDataProjectUITests.release.xcconfig */,
				8FD63F694BED281ED9580A0B /* Pods-CoreDataProjectTests.debug.xcconfig */,
				43DF3B6825318FC77B6C0514 /* Pods-CoreDataProjectTests.release.xcconfig */,
			);
			path = Pods;
			sourceTree = "<group>";
		};
/* End PBXGroup section */

/* Begin PBXNativeTarget section */
		317FE2A623ABADD10036B838 /* CoreDataProject */ = {
			isa = PBXNativeTarget;
			buildConfigurationList = 317FE2D423ABADD80036B838 /* Build configuration list for PBXNativeTarget "CoreDataProject" */;
			buildPhases = (
				8FC6DCF0604E2F5C4A8AAC77 /* [CP] Check Pods Manifest.lock */,
				317FE2A323ABADD10036B838 /* Sources */,
				317FE2A423ABADD10036B838 /* Frameworks */,
				317FE2A523ABADD10036B838 /* Resources */,
				4E197A6580CB7EF2C66A629F /* [CP] Embed Pods Frameworks */,
			);
			buildRules = (
			);
			dependencies = (
			);
			name = CoreDataProject;
			productName = CoreDataProject;
			productReference = 317FE2A723ABADD10036B838 /* CoreDataProject.app */;
			productType = "com.apple.product-type.application";
		};
		317FE2BF23ABADD80036B838 /* CoreDataProjectTests */ = {
			isa = PBXNativeTarget;
			buildConfigurationList = 317FE2D723ABADD80036B838 /* Build configuration list for PBXNativeTarget "CoreDataProjectTests" */;
			buildPhases = (
				774EE65AC2261CE92B99F447 /* [CP] Check Pods Manifest.lock */,
				317FE2BC23ABADD80036B838 /* Sources */,
				317FE2BD23ABADD80036B838 /* Frameworks */,
				317FE2BE23ABADD80036B838 /* Resources */,
			);
			buildRules = (
			);
			dependencies = (
				317FE2C223ABADD80036B838 /* PBXTargetDependency */,
			);
			name = CoreDataProjectTests;
			productName = CoreDataProjectTests;
			productReference = 317FE2C023ABADD80036B838 /* CoreDataProjectTests.xctest */;
			productType = "com.apple.product-type.bundle.unit-test";
		};
		317FE2CA23ABADD80036B838 /* CoreDataProjectUITests */ = {
			isa = PBXNativeTarget;
			buildConfigurationList = 317FE2DA23ABADD80036B838 /* Build configuration list for PBXNativeTarget "CoreDataProjectUITests" */;
			buildPhases = (
				5A31C295557C71A2D7AA7CF7 /* [CP] Check Pods Manifest.lock */,
				317FE2C723ABADD80036B838 /* Sources */,
				317FE2C823ABADD80036B838 /* Frameworks */,
				317FE2C923ABADD80036B838 /* Resources */,
				7E7DA6545DA4859842E3EC8A /* [CP] Embed Pods Frameworks */,
			);
			buildRules = (
			);
			dependencies = (
				317FE2CD23ABADD80036B838 /* PBXTargetDependency */,
			);
			name = CoreDataProjectUITests;
			productName = CoreDataProjectUITests;
			productReference = 317FE2CB23ABADD80036B838 /* CoreDataProjectUITests.xctest */;
			productType = "com.apple.product-type.bundle.ui-testing";
		};
/* End PBXNativeTarget section */

/* Begin PBXProject section */
		317FE29F23ABADD10036B838 /* Project object */ = {
			isa = PBXProject;
			attributes = {
				LastSwiftUpdateCheck = 1110;
				LastUpgradeCheck = 1110;
				ORGANIZATIONNAME = "R Shantha Kumar";
				TargetAttributes = {
					317FE2A623ABADD10036B838 = {
						CreatedOnToolsVersion = 11.1;
					};
					317FE2BF23ABADD80036B838 = {
						CreatedOnToolsVersion = 11.1;
						TestTargetID = 317FE2A623ABADD10036B838;
					};
					317FE2CA23ABADD80036B838 = {
						CreatedOnToolsVersion = 11.1;
						TestTargetID = 317FE2A623ABADD10036B838;
					};
				};
			};
			buildConfigurationList = 317FE2A223ABADD10036B838 /* Build configuration list for PBXProject "CoreDataProject" */;
			compatibilityVersion = "Xcode 9.3";
			developmentRegion = en;
			hasScannedForEncodings = 0;
			knownRegions = (
				en,
				Base,
			);
			mainGroup = 317FE29E23ABADD10036B838;
			productRefGroup = 317FE2A823ABADD10036B838 /* Products */;
			projectDirPath = "";
			projectRoot = "";
			targets = (
				317FE2A623ABADD10036B838 /* CoreDataProject */,
				317FE2BF23ABADD80036B838 /* CoreDataProjectTests */,
				317FE2CA23ABADD80036B838 /* CoreDataProjectUITests */,
			);
		};
/* End PBXProject section */

/* Begin PBXResourcesBuildPhase section */
		317FE2A523ABADD10036B838 /* Resources */ = {
			isa = PBXResourcesBuildPhase;
			buildActionMask = 2147483647;
			files = (
				317FE2BA23ABADD80036B838 /* LaunchScreen.storyboard in Resources */,
				317FE2B723ABADD80036B838 /* Assets.xcassets in Resources */,
				317FE2B223ABADD10036B838 /* Main.storyboard in Resources */,
			);
			runOnlyForDeploymentPostprocessing = 0;
		};
		317FE2BE23ABADD80036B838 /* Resources */ = {
			isa = PBXResourcesBuildPhase;
			buildActionMask = 2147483647;
			files = (
			);
			runOnlyForDeploymentPostprocessing = 0;
		};
		317FE2C923ABADD80036B838 /* Resources */ = {
			isa = PBXResourcesBuildPhase;
			buildActionMask = 2147483647;
			files = (
			);
			runOnlyForDeploymentPostprocessing = 0;
		};
/* End PBXResourcesBuildPhase section */

/* Begin PBXShellScriptBuildPhase section */
		4E197A6580CB7EF2C66A629F /* [CP] Embed Pods Frameworks */ = {
			isa = PBXShellScriptBuildPhase;
			buildActionMask = 2147483647;
			files = (
			);
			inputFileListPaths = (
				"${PODS_ROOT}/Target Support Files/Pods-CoreDataProject/Pods-CoreDataProject-frameworks-${CONFIGURATION}-input-files.xcfilelist",
			);
			name = "[CP] Embed Pods Frameworks";
			outputFileListPaths = (
				"${PODS_ROOT}/Target Support Files/Pods-CoreDataProject/Pods-CoreDataProject-frameworks-${CONFIGURATION}-output-files.xcfilelist",
			);
			runOnlyForDeploymentPostprocessing = 0;
			shellPath = /bin/sh;
			shellScript = "\"${PODS_ROOT}/Target Support Files/Pods-CoreDataProject/Pods-CoreDataProject-frameworks.sh\"\n";
			showEnvVarsInLog = 0;
		};
		5A31C295557C71A2D7AA7CF7 /* [CP] Check Pods Manifest.lock */ = {
			isa = PBXShellScriptBuildPhase;
			buildActionMask = 2147483647;
			files = (
			);
			inputFileListPaths = (
			);
			inputPaths = (
				"${PODS_PODFILE_DIR_PATH}/Podfile.lock",
				"${PODS_ROOT}/Manifest.lock",
			);
			name = "[CP] Check Pods Manifest.lock";
			outputFileListPaths = (
			);
			outputPaths = (
				"$(DERIVED_FILE_DIR)/Pods-CoreDataProject-CoreDataProjectUITests-checkManifestLockResult.txt",
			);
			runOnlyForDeploymentPostprocessing = 0;
			shellPath = /bin/sh;
			shellScript = "diff \"${PODS_PODFILE_DIR_PATH}/Podfile.lock\" \"${PODS_ROOT}/Manifest.lock\" > /dev/null\nif [ $? != 0 ] ; then\n    # print error to STDERR\n    echo \"error: The sandbox is not in sync with the Podfile.lock. Run 'pod install' or update your CocoaPods installation.\" >&2\n    exit 1\nfi\n# This output is used by Xcode 'outputs' to avoid re-running this script phase.\necho \"SUCCESS\" > \"${SCRIPT_OUTPUT_FILE_0}\"\n";
			showEnvVarsInLog = 0;
		};
		774EE65AC2261CE92B99F447 /* [CP] Check Pods Manifest.lock */ = {
			isa = PBXShellScriptBuildPhase;
			buildActionMask = 2147483647;
			files = (
			);
			inputFileListPaths = (
			);
			inputPaths = (
				"${PODS_PODFILE_DIR_PATH}/Podfile.lock",
				"${PODS_ROOT}/Manifest.lock",
			);
			name = "[CP] Check Pods Manifest.lock";
			outputFileListPaths = (
			);
			outputPaths = (
				"$(DERIVED_FILE_DIR)/Pods-CoreDataProjectTests-checkManifestLockResult.txt",
			);
			runOnlyForDeploymentPostprocessing = 0;
			shellPath = /bin/sh;
			shellScript = "diff \"${PODS_PODFILE_DIR_PATH}/Podfile.lock\" \"${PODS_ROOT}/Manifest.lock\" > /dev/null\nif [ $? != 0 ] ; then\n    # print error to STDERR\n    echo \"error: The sandbox is not in sync with the Podfile.lock. Run 'pod install' or update your CocoaPods installation.\" >&2\n    exit 1\nfi\n# This output is used by Xcode 'outputs' to avoid re-running this script phase.\necho \"SUCCESS\" > \"${SCRIPT_OUTPUT_FILE_0}\"\n";
			showEnvVarsInLog = 0;
		};
		7E7DA6545DA4859842E3EC8A /* [CP] Embed Pods Frameworks */ = {
			isa = PBXShellScriptBuildPhase;
			buildActionMask = 2147483647;
			files = (
			);
			inputFileListPaths = (
				"${PODS_ROOT}/Target Support Files/Pods-CoreDataProject-CoreDataProjectUITests/Pods-CoreDataProject-CoreDataProjectUITests-frameworks-${CONFIGURATION}-input-files.xcfilelist",
			);
			name = "[CP] Embed Pods Frameworks";
			outputFileListPaths = (
				"${PODS_ROOT}/Target Support Files/Pods-CoreDataProject-CoreDataProjectUITests/Pods-CoreDataProject-CoreDataProjectUITests-frameworks-${CONFIGURATION}-output-files.xcfilelist",
			);
			runOnlyForDeploymentPostprocessing = 0;
			shellPath = /bin/sh;
			shellScript = "\"${PODS_ROOT}/Target Support Files/Pods-CoreDataProject-CoreDataProjectUITests/Pods-CoreDataProject-CoreDataProjectUITests-frameworks.sh\"\n";
			showEnvVarsInLog = 0;
		};
		8FC6DCF0604E2F5C4A8AAC77 /* [CP] Check Pods Manifest.lock */ = {
			isa = PBXShellScriptBuildPhase;
			buildActionMask = 2147483647;
			files = (
			);
			inputFileListPaths = (
			);
			inputPaths = (
				"${PODS_PODFILE_DIR_PATH}/Podfile.lock",
				"${PODS_ROOT}/Manifest.lock",
			);
			name = "[CP] Check Pods Manifest.lock";
			outputFileListPaths = (
			);
			outputPaths = (
				"$(DERIVED_FILE_DIR)/Pods-CoreDataProject-checkManifestLockResult.txt",
			);
			runOnlyForDeploymentPostprocessing = 0;
			shellPath = /bin/sh;
			shellScript = "diff \"${PODS_PODFILE_DIR_PATH}/Podfile.lock\" \"${PODS_ROOT}/Manifest.lock\" > /dev/null\nif [ $? != 0 ] ; then\n    # print error to STDERR\n    echo \"error: The sandbox is not in sync with the Podfile.lock. Run 'pod install' or update your CocoaPods installation.\" >&2\n    exit 1\nfi\n# This output is used by Xcode 'outputs' to avoid re-running this script phase.\necho \"SUCCESS\" > \"${SCRIPT_OUTPUT_FILE_0}\"\n";
			showEnvVarsInLog = 0;
		};
/* End PBXShellScriptBuildPhase section */

/* Begin PBXSourcesBuildPhase section */
		317FE2A323ABADD10036B838 /* Sources */ = {
			isa = PBXSourcesBuildPhase;
			buildActionMask = 2147483647;
			files = (
				317FE2AF23ABADD10036B838 /* ViewController.swift in Sources */,
				317FE2AB23ABADD10036B838 /* AppDelegate.swift in Sources */,
				317FE2B523ABADD10036B838 /* CoreDataProject.xcdatamodeld in Sources */,
				318E24AD23AC7D6F00DC755A /* SecondViewController.swift in Sources */,
				317FE2AD23ABADD10036B838 /* SceneDelegate.swift in Sources */,
			);
			runOnlyForDeploymentPostprocessing = 0;
		};
		317FE2BC23ABADD80036B838 /* Sources */ = {
			isa = PBXSourcesBuildPhase;
			buildActionMask = 2147483647;
			files = (
				317FE2C523ABADD80036B838 /* CoreDataProjectTests.swift in Sources */,
			);
			runOnlyForDeploymentPostprocessing = 0;
		};
		317FE2C723ABADD80036B838 /* Sources */ = {
			isa = PBXSourcesBuildPhase;
			buildActionMask = 2147483647;
			files = (
				317FE2D023ABADD80036B838 /* CoreDataProjectUITests.swift in Sources */,
			);
			runOnlyForDeploymentPostprocessing = 0;
		};
/* End PBXSourcesBuildPhase section */

/* Begin PBXTargetDependency section */
		317FE2C223ABADD80036B838 /* PBXTargetDependency */ = {
			isa = PBXTargetDependency;
			target = 317FE2A623ABADD10036B838 /* CoreDataProject */;
			targetProxy = 317FE2C123ABADD80036B838 /* PBXContainerItemProxy */;
		};
		317FE2CD23ABADD80036B838 /* PBXTargetDependency */ = {
			isa = PBXTargetDependency;
			target = 317FE2A623ABADD10036B838 /* CoreDataProject */;
			targetProxy = 317FE2CC23ABADD80036B838 /* PBXContainerItemProxy */;
		};
/* End PBXTargetDependency section */

/* Begin PBXVariantGroup section */
		317FE2B023ABADD10036B838 /* Main.storyboard */ = {
			isa = PBXVariantGroup;
			children = (
				317FE2B123ABADD10036B838 /* Base */,
			);
			name = Main.storyboard;
			sourceTree = "<group>";
		};
		317FE2B823ABADD80036B838 /* LaunchScreen.storyboard */ = {
			isa = PBXVariantGroup;
			children = (
				317FE2B923ABADD80036B838 /* Base */,
			);
			name = LaunchScreen.storyboard;
			sourceTree = "<group>";
		};
/* End PBXVariantGroup section */

/* Begin XCBuildConfiguration section */
		317FE2D223ABADD80036B838 /* Debug */ = {
			isa = XCBuildConfiguration;
			buildSettings = {
				ALWAYS_SEARCH_USER_PATHS = NO;
				CLANG_ANALYZER_NONNULL = YES;
				CLANG_ANALYZER_NUMBER_OBJECT_CONVERSION = YES_AGGRESSIVE;
				CLANG_CXX_LANGUAGE_STANDARD = "gnu++14";
				CLANG_CXX_LIBRARY = "libc++";
				CLANG_ENABLE_MODULES = YES;
				CLANG_ENABLE_OBJC_ARC = YES;
				CLANG_ENABLE_OBJC_WEAK = YES;
				CLANG_WARN_BLOCK_CAPTURE_AUTORELEASING = YES;
				CLANG_WARN_BOOL_CONVERSION = YES;
				CLANG_WARN_COMMA = YES;
				CLANG_WARN_CONSTANT_CONVERSION = YES;
				CLANG_WARN_DEPRECATED_OBJC_IMPLEMENTATIONS = YES;
				CLANG_WARN_DIRECT_OBJC_ISA_USAGE = YES_ERROR;
				CLANG_WARN_DOCUMENTATION_COMMENTS = YES;
				CLANG_WARN_EMPTY_BODY = YES;
				CLANG_WARN_ENUM_CONVERSION = YES;
				CLANG_WARN_INFINITE_RECURSION = YES;
				CLANG_WARN_INT_CONVERSION = YES;
				CLANG_WARN_NON_LITERAL_NULL_CONVERSION = YES;
				CLANG_WARN_OBJC_IMPLICIT_RETAIN_SELF = YES;
				CLANG_WARN_OBJC_LITERAL_CONVERSION = YES;
				CLANG_WARN_OBJC_ROOT_CLASS = YES_ERROR;
				CLANG_WARN_RANGE_LOOP_ANALYSIS = YES;
				CLANG_WARN_STRICT_PROTOTYPES = YES;
				CLANG_WARN_SUSPICIOUS_MOVE = YES;
				CLANG_WARN_UNGUARDED_AVAILABILITY = YES_AGGRESSIVE;
				CLANG_WARN_UNREACHABLE_CODE = YES;
				CLANG_WARN__DUPLICATE_METHOD_MATCH = YES;
				COPY_PHASE_STRIP = NO;
				DEBUG_INFORMATION_FORMAT = dwarf;
				ENABLE_STRICT_OBJC_MSGSEND = YES;
				ENABLE_TESTABILITY = YES;
				GCC_C_LANGUAGE_STANDARD = gnu11;
				GCC_DYNAMIC_NO_PIC = NO;
				GCC_NO_COMMON_BLOCKS = YES;
				GCC_OPTIMIZATION_LEVEL = 0;
				GCC_PREPROCESSOR_DEFINITIONS = (
					"DEBUG=1",
					"$(inherited)",
				);
				GCC_WARN_64_TO_32_BIT_CONVERSION = YES;
				GCC_WARN_ABOUT_RETURN_TYPE = YES_ERROR;
				GCC_WARN_UNDECLARED_SELECTOR = YES;
				GCC_WARN_UNINITIALIZED_AUTOS = YES_AGGRESSIVE;
				GCC_WARN_UNUSED_FUNCTION = YES;
				GCC_WARN_UNUSED_VARIABLE = YES;
				IPHONEOS_DEPLOYMENT_TARGET = 13.1;
				MTL_ENABLE_DEBUG_INFO = INCLUDE_SOURCE;
				MTL_FAST_MATH = YES;
				ONLY_ACTIVE_ARCH = YES;
				SDKROOT = iphoneos;
				SWIFT_ACTIVE_COMPILATION_CONDITIONS = DEBUG;
				SWIFT_OPTIMIZATION_LEVEL = "-Onone";
			};
			name = Debug;
		};
		317FE2D323ABADD80036B838 /* Release */ = {
			isa = XCBuildConfiguration;
			buildSettings = {
				ALWAYS_SEARCH_USER_PATHS = NO;
				CLANG_ANALYZER_NONNULL = YES;
				CLANG_ANALYZER_NUMBER_OBJECT_CONVERSION = YES_AGGRESSIVE;
				CLANG_CXX_LANGUAGE_STANDARD = "gnu++14";
				CLANG_CXX_LIBRARY = "libc++";
				CLANG_ENABLE_MODULES = YES;
				CLANG_ENABLE_OBJC_ARC = YES;
				CLANG_ENABLE_OBJC_WEAK = YES;
				CLANG_WARN_BLOCK_CAPTURE_AUTORELEASING = YES;
				CLANG_WARN_BOOL_CONVERSION = YES;
				CLANG_WARN_COMMA = YES;
				CLANG_WARN_CONSTANT_CONVERSION = YES;
				CLANG_WARN_DEPRECATED_OBJC_IMPLEMENTATIONS = YES;
				CLANG_WARN_DIRECT_OBJC_ISA_USAGE = YES_ERROR;
				CLANG_WARN_DOCUMENTATION_COMMENTS = YES;
				CLANG_WARN_EMPTY_BODY = YES;
				CLANG_WARN_ENUM_CONVERSION = YES;
				CLANG_WARN_INFINITE_RECURSION = YES;
				CLANG_WARN_INT_CONVERSION = YES;
				CLANG_WARN_NON_LITERAL_NULL_CONVERSION = YES;
				CLANG_WARN_OBJC_IMPLICIT_RETAIN_SELF = YES;
				CLANG_WARN_OBJC_LITERAL_CONVERSION = YES;
				CLANG_WARN_OBJC_ROOT_CLASS = YES_ERROR;
				CLANG_WARN_RANGE_LOOP_ANALYSIS = YES;
				CLANG_WARN_STRICT_PROTOTYPES = YES;
				CLANG_WARN_SUSPICIOUS_MOVE = YES;
				CLANG_WARN_UNGUARDED_AVAILABILITY = YES_AGGRESSIVE;
				CLANG_WARN_UNREACHABLE_CODE = YES;
				CLANG_WARN__DUPLICATE_METHOD_MATCH = YES;
				COPY_PHASE_STRIP = NO;
				DEBUG_INFORMATION_FORMAT = "dwarf-with-dsym";
				ENABLE_NS_ASSERTIONS = NO;
				ENABLE_STRICT_OBJC_MSGSEND = YES;
				GCC_C_LANGUAGE_STANDARD = gnu11;
				GCC_NO_COMMON_BLOCKS = YES;
				GCC_WARN_64_TO_32_BIT_CONVERSION = YES;
				GCC_WARN_ABOUT_RETURN_TYPE = YES_ERROR;
				GCC_WARN_UNDECLARED_SELECTOR = YES;
				GCC_WARN_UNINITIALIZED_AUTOS = YES_AGGRESSIVE;
				GCC_WARN_UNUSED_FUNCTION = YES;
				GCC_WARN_UNUSED_VARIABLE = YES;
				IPHONEOS_DEPLOYMENT_TARGET = 13.1;
				MTL_ENABLE_DEBUG_INFO = NO;
				MTL_FAST_MATH = YES;
				SDKROOT = iphoneos;
				SWIFT_COMPILATION_MODE = wholemodule;
				SWIFT_OPTIMIZATION_LEVEL = "-O";
				VALIDATE_PRODUCT = YES;
			};
			name = Release;
		};
		317FE2D523ABADD80036B838 /* Debug */ = {
			isa = XCBuildConfiguration;
			baseConfigurationReference = 1525092569686EA20C1F9FBE /* Pods-CoreDataProject.debug.xcconfig */;
			buildSettings = {
				ASSETCATALOG_COMPILER_APPICON_NAME = AppIcon;
				CODE_SIGN_STYLE = Automatic;
				INFOPLIST_FILE = CoreDataProject/Info.plist;
				LD_RUNPATH_SEARCH_PATHS = (
					"$(inherited)",
					"@executable_path/Frameworks",
				);
				PRODUCT_BUNDLE_IDENTIFIER = shanth.CoreDataProject;
				PRODUCT_NAME = "$(TARGET_NAME)";
				SWIFT_VERSION = 5.0;
				TARGETED_DEVICE_FAMILY = "1,2";
			};
			name = Debug;
		};
		317FE2D623ABADD80036B838 /* Release */ = {
			isa = XCBuildConfiguration;
			baseConfigurationReference = 1FE005A18474D11BEF63FAA3 /* Pods-CoreDataProject.release.xcconfig */;
			buildSettings = {
				ASSETCATALOG_COMPILER_APPICON_NAME = AppIcon;
				CODE_SIGN_STYLE = Automatic;
				INFOPLIST_FILE = CoreDataProject/Info.plist;
				LD_RUNPATH_SEARCH_PATHS = (
					"$(inherited)",
					"@executable_path/Frameworks",
				);
				PRODUCT_BUNDLE_IDENTIFIER = shanth.CoreDataProject;
				PRODUCT_NAME = "$(TARGET_NAME)";
				SWIFT_VERSION = 5.0;
				TARGETED_DEVICE_FAMILY = "1,2";
			};
			name = Release;
		};
		317FE2D823ABADD80036B838 /* Debug */ = {
			isa = XCBuildConfiguration;
			baseConfigurationReference = 8FD63F694BED281ED9580A0B /* Pods-CoreDataProjectTests.debug.xcconfig */;
			buildSettings = {
				ALWAYS_EMBED_SWIFT_STANDARD_LIBRARIES = YES;
				BUNDLE_LOADER = "$(TEST_HOST)";
				CODE_SIGN_STYLE = Automatic;
				INFOPLIST_FILE = CoreDataProjectTests/Info.plist;
				IPHONEOS_DEPLOYMENT_TARGET = 13.1;
				LD_RUNPATH_SEARCH_PATHS = (
					"$(inherited)",
					"@executable_path/Frameworks",
					"@loader_path/Frameworks",
				);
				PRODUCT_BUNDLE_IDENTIFIER = shanth.CoreDataProjectTests;
				PRODUCT_NAME = "$(TARGET_NAME)";
				SWIFT_VERSION = 5.0;
				TARGETED_DEVICE_FAMILY = "1,2";
				TEST_HOST = "$(BUILT_PRODUCTS_DIR)/CoreDataProject.app/CoreDataProject";
			};
			name = Debug;
		};
		317FE2D923ABADD80036B838 /* Release */ = {
			isa = XCBuildConfiguration;
			baseConfigurationReference = 43DF3B6825318FC77B6C0514 /* Pods-CoreDataProjectTests.release.xcconfig */;
			buildSettings = {
				ALWAYS_EMBED_SWIFT_STANDARD_LIBRARIES = YES;
				BUNDLE_LOADER = "$(TEST_HOST)";
				CODE_SIGN_STYLE = Automatic;
				INFOPLIST_FILE = CoreDataProjectTests/Info.plist;
				IPHONEOS_DEPLOYMENT_TARGET = 13.1;
				LD_RUNPATH_SEARCH_PATHS = (
					"$(inherited)",
					"@executable_path/Frameworks",
					"@loader_path/Frameworks",
				);
				PRODUCT_BUNDLE_IDENTIFIER = shanth.CoreDataProjectTests;
				PRODUCT_NAME = "$(TARGET_NAME)";
				SWIFT_VERSION = 5.0;
				TARGETED_DEVICE_FAMILY = "1,2";
				TEST_HOST = "$(BUILT_PRODUCTS_DIR)/CoreDataProject.app/CoreDataProject";
			};
			name = Release;
		};
		317FE2DB23ABADD80036B838 /* Debug */ = {
			isa = XCBuildConfiguration;
			baseConfigurationReference = 798D921E20B14ACAABB433B1 /* Pods-CoreDataProject-CoreDataProjectUITests.debug.xcconfig */;
			buildSettings = {
				ALWAYS_EMBED_SWIFT_STANDARD_LIBRARIES = YES;
				CODE_SIGN_STYLE = Automatic;
				INFOPLIST_FILE = CoreDataProjectUITests/Info.plist;
				LD_RUNPATH_SEARCH_PATHS = (
					"$(inherited)",
					"@executable_path/Frameworks",
					"@loader_path/Frameworks",
				);
				PRODUCT_BUNDLE_IDENTIFIER = shanth.CoreDataProjectUITests;
				PRODUCT_NAME = "$(TARGET_NAME)";
				SWIFT_VERSION = 5.0;
				TARGETED_DEVICE_FAMILY = "1,2";
				TEST_TARGET_NAME = CoreDataProject;
			};
			name = Debug;
		};
		317FE2DC23ABADD80036B838 /* Release */ = {
			isa = XCBuildConfiguration;
			baseConfigurationReference = 6FD8FC623A13D5471FD40531 /* Pods-CoreDataProject-CoreDataProjectUITests.release.xcconfig */;
			buildSettings = {
				ALWAYS_EMBED_SWIFT_STANDARD_LIBRARIES = YES;
				CODE_SIGN_STYLE = Automatic;
				INFOPLIST_FILE = CoreDataProjectUITests/Info.plist;
				LD_RUNPATH_SEARCH_PATHS = (
					"$(inherited)",
					"@executable_path/Frameworks",
					"@loader_path/Frameworks",
				);
				PRODUCT_BUNDLE_IDENTIFIER = shanth.CoreDataProjectUITests;
				PRODUCT_NAME = "$(TARGET_NAME)";
				SWIFT_VERSION = 5.0;
				TARGETED_DEVICE_FAMILY = "1,2";
				TEST_TARGET_NAME = CoreDataProject;
			};
			name = Release;
		};
/* End XCBuildConfiguration section */

/* Begin XCConfigurationList section */
		317FE2A223ABADD10036B838 /* Build configuration list for PBXProject "CoreDataProject" */ = {
			isa = XCConfigurationList;
			buildConfigurations = (
				317FE2D223ABADD80036B838 /* Debug */,
				317FE2D323ABADD80036B838 /* Release */,
			);
			defaultConfigurationIsVisible = 0;
			defaultConfigurationName = Release;
		};
		317FE2D423ABADD80036B838 /* Build configuration list for PBXNativeTarget "CoreDataProject" */ = {
			isa = XCConfigurationList;
			buildConfigurations = (
				317FE2D523ABADD80036B838 /* Debug */,
				317FE2D623ABADD80036B838 /* Release */,
			);
			defaultConfigurationIsVisible = 0;
			defaultConfigurationName = Release;
		};
		317FE2D723ABADD80036B838 /* Build configuration list for PBXNativeTarget "CoreDataProjectTests" */ = {
			isa = XCConfigurationList;
			buildConfigurations = (
				317FE2D823ABADD80036B838 /* Debug */,
				317FE2D923ABADD80036B838 /* Release */,
			);
			defaultConfigurationIsVisible = 0;
			defaultConfigurationName = Release;
		};
		317FE2DA23ABADD80036B838 /* Build configuration list for PBXNativeTarget "CoreDataProjectUITests" */ = {
			isa = XCConfigurationList;
			buildConfigurations = (
				317FE2DB23ABADD80036B838 /* Debug */,
				317FE2DC23ABADD80036B838 /* Release */,
			);
			defaultConfigurationIsVisible = 0;
			defaultConfigurationName = Release;
		};
/* End XCConfigurationList section */

/* Begin XCVersionGroup section */
		317FE2B323ABADD10036B838 /* CoreDataProject.xcdatamodeld */ = {
			isa = XCVersionGroup;
			children = (
				317FE2B423ABADD10036B838 /* CoreDataProject.xcdatamodel */,
			);
			currentVersion = 317FE2B423ABADD10036B838 /* CoreDataProject.xcdatamodel */;
			path = CoreDataProject.xcdatamodeld;
			sourceTree = "<group>";
			versionGroupType = wrapper.xcdatamodel;
		};
/* End XCVersionGroup section */
	};
	rootObject = 317FE29F23ABADD10036B838 /* Project object */;
}
